
Microsoft Visual Studio Solution File, Format Version 12.00
# Visual Studio Version 17
VisualStudioVersion = 17.0.32014.148
MinimumVisualStudioVersion = 10.0.40219.1
Project("{FAE04EC0-301F-11D3-BF4B-00C04F79EFBC}") = "Family-Meetup", "Family-Meetup.csproj", "{BA92B050-D71B-4C48-943F-1370D8E79A46}"
EndProject
Global
	GlobalSection(SolutionConfigurationPlatforms) = preSolution
		Debug|Any CPU = Debug|Any CPU
		Release|Any CPU = Release|Any CPU
	EndGlobalSection
	GlobalSection(ProjectConfigurationPlatforms) = postSolution
		{BA92B050-D71B-4C48-943F-1370D8E79A46}.Debug|Any CPU.ActiveCfg = Debug|Any CPU
		{BA92B050-D71B-4C48-943F-1370D8E79A46}.Debug|Any CPU.Build.0 = Debug|Any CPU
		{BA92B050-D71B-4C48-943F-1370D8E79A46}.Release|Any CPU.ActiveCfg = Release|Any CPU
		{BA92B050-D71B-4C48-943F-1370D8E79A46}.Release|Any CPU.Build.0 = Release|Any CPU
	EndGlobalSection
	GlobalSection(SolutionProperties) = preSolution
		HideSolutionNode = FALSE
	EndGlobalSection
	GlobalSection(ExtensibilityGlobals) = postSolution
		SolutionGuid = {AE401EEC-5DC7-4882-857C-4668771E5632}
	EndGlobalSection
EndGlobal
